
Microsoft Visual Studio Solution File, Format Version 12.00
Project("{FAE04EC0-301F-11D3-BF4B-00C04F79EFBC}") = "TimeConversion", "TimeConversion.csproj", "{11612F62-6C10-4625-B39B-BDAC936DD038}"
EndProject
Global
	GlobalSection(SolutionConfigurationPlatforms) = preSolution
		Debug|Any CPU = Debug|Any CPU
		Release|Any CPU = Release|Any CPU
	EndGlobalSection
	GlobalSection(ProjectConfigurationPlatforms) = postSolution
		{11612F62-6C10-4625-B39B-BDAC936DD038}.Debug|Any CPU.ActiveCfg = Debug|Any CPU
		{11612F62-6C10-4625-B39B-BDAC936DD038}.Debug|Any CPU.Build.0 = Debug|Any CPU
		{11612F62-6C10-4625-B39B-BDAC936DD038}.Release|Any CPU.ActiveCfg = Release|Any CPU
		{11612F62-6C10-4625-B39B-BDAC936DD038}.Release|Any CPU.Build.0 = Release|Any CPU
	EndGlobalSection
EndGlobal
